
Microsoft Visual Studio Solution File, Format Version 12.00
# Visual Studio Version 16
VisualStudioVersion = 16.0.32510.428
MinimumVisualStudioVersion = 10.0.40219.1
Project("{FAE04EC0-301F-11D3-BF4B-00C04F79EFBC}") = "WebapiMenuitem", "WebapiMenuitem\WebapiMenuitem.csproj", "{8EDF0748-24FE-4124-8CF1-0D258F78244F}"
EndProject
Global
	GlobalSection(SolutionConfigurationPlatforms) = preSolution
		Debug|Any CPU = Debug|Any CPU
		Release|Any CPU = Release|Any CPU
	EndGlobalSection
	GlobalSection(ProjectConfigurationPlatforms) = postSolution
		{8EDF0748-24FE-4124-8CF1-0D258F78244F}.Debug|Any CPU.ActiveCfg = Debug|Any CPU
		{8EDF0748-24FE-4124-8CF1-0D258F78244F}.Debug|Any CPU.Build.0 = Debug|Any CPU
		{8EDF0748-24FE-4124-8CF1-0D258F78244F}.Release|Any CPU.ActiveCfg = Release|Any CPU
		{8EDF0748-24FE-4124-8CF1-0D258F78244F}.Release|Any CPU.Build.0 = Release|Any CPU
	EndGlobalSection
	GlobalSection(SolutionProperties) = preSolution
		HideSolutionNode = FALSE
	EndGlobalSection
	GlobalSection(ExtensibilityGlobals) = postSolution
		SolutionGuid = {6BA66CB2-D0CF-4FA2-943C-312D0B6D5219}
	EndGlobalSection
EndGlobal
